
Microsoft Visual Studio Solution File, Format Version 12.00
# Visual Studio Version 17
VisualStudioVersion = 17.12.35527.113
MinimumVisualStudioVersion = 10.0.40219.1
Project("{FAE04EC0-301F-11D3-BF4B-00C04F79EFBC}") = "azure-app-visualstudio-mb", "azure-app-visualstudio-mb.csproj", "{82DE72F1-74EB-463E-89D6-6FE4384E3939}"
EndProject
Global
	GlobalSection(SolutionConfigurationPlatforms) = preSolution
		Debug|Any CPU = Debug|Any CPU
		Release|Any CPU = Release|Any CPU
	EndGlobalSection
	GlobalSection(ProjectConfigurationPlatforms) = postSolution
		{82DE72F1-74EB-463E-89D6-6FE4384E3939}.Debug|Any CPU.ActiveCfg = Debug|Any CPU
		{82DE72F1-74EB-463E-89D6-6FE4384E3939}.Debug|Any CPU.Build.0 = Debug|Any CPU
		{82DE72F1-74EB-463E-89D6-6FE4384E3939}.Release|Any CPU.ActiveCfg = Release|Any CPU
		{82DE72F1-74EB-463E-89D6-6FE4384E3939}.Release|Any CPU.Build.0 = Release|Any CPU
	EndGlobalSection
	GlobalSection(SolutionProperties) = preSolution
		HideSolutionNode = FALSE
	EndGlobalSection
EndGlobal
